
Microsoft Visual Studio Solution File, Format Version 12.00
# Visual Studio 2013
VisualStudioVersion = 12.0.31101.0
MinimumVisualStudioVersion = 10.0.40219.1
Project("{FAE04EC0-301F-11D3-BF4B-00C04F79EFBC}") = "Generators", "Generators\Generators.csproj", "{344E68FF-7279-47BF-9597-D854ED028AD4}"
EndProject
Project("{FAE04EC0-301F-11D3-BF4B-00C04F79EFBC}") = "KeypadConsole", "KeypadConsole\KeypadConsole.csproj", "{0D02FEAA-3E64-470E-B605-3C1A1E7BBEE2}"
EndProject
Project("{FAE04EC0-301F-11D3-BF4B-00C04F79EFBC}") = "KeypadWindow", "KeypadWindow\KeypadWindow.csproj", "{840168AB-0857-4E26-A876-75E83079AC09}"
EndProject
Global
	GlobalSection(SolutionConfigurationPlatforms) = preSolution
		Debug|Any CPU = Debug|Any CPU
		Release|Any CPU = Release|Any CPU
	EndGlobalSection
	GlobalSection(ProjectConfigurationPlatforms) = postSolution
		{344E68FF-7279-47BF-9597-D854ED028AD4}.Debug|Any CPU.ActiveCfg = Debug|Any CPU
		{344E68FF-7279-47BF-9597-D854ED028AD4}.Debug|Any CPU.Build.0 = Debug|Any CPU
		{344E68FF-7279-47BF-9597-D854ED028AD4}.Release|Any CPU.ActiveCfg = Release|Any CPU
		{344E68FF-7279-47BF-9597-D854ED028AD4}.Release|Any CPU.Build.0 = Release|Any CPU
		{0D02FEAA-3E64-470E-B605-3C1A1E7BBEE2}.Debug|Any CPU.ActiveCfg = Debug|Any CPU
		{0D02FEAA-3E64-470E-B605-3C1A1E7BBEE2}.Debug|Any CPU.Build.0 = Debug|Any CPU
		{0D02FEAA-3E64-470E-B605-3C1A1E7BBEE2}.Release|Any CPU.ActiveCfg = Release|Any CPU
		{0D02FEAA-3E64-470E-B605-3C1A1E7BBEE2}.Release|Any CPU.Build.0 = Release|Any CPU
		{840168AB-0857-4E26-A876-75E83079AC09}.Debug|Any CPU.ActiveCfg = Debug|Any CPU
		{840168AB-0857-4E26-A876-75E83079AC09}.Debug|Any CPU.Build.0 = Debug|Any CPU
		{840168AB-0857-4E26-A876-75E83079AC09}.Release|Any CPU.ActiveCfg = Release|Any CPU
		{840168AB-0857-4E26-A876-75E83079AC09}.Release|Any CPU.Build.0 = Release|Any CPU
	EndGlobalSection
	GlobalSection(SolutionProperties) = preSolution
		HideSolutionNode = FALSE
	EndGlobalSection
EndGlobal
